
Microsoft Visual Studio Solution File, Format Version 12.00
# Visual Studio Version 17
VisualStudioVersion = 17.0.31903.59
MinimumVisualStudioVersion = 10.0.40219.1
Project("{9A19103F-16F7-4668-BE54-9A1E7A4F7556}") = "ProfMon.Base", "ProfMon.Base\ProfMon.Base.csproj", "{9B0CAA07-60C9-4D6E-92ED-981ECA456DD7}"
EndProject
Project("{9A19103F-16F7-4668-BE54-9A1E7A4F7556}") = "ProfMon.Objects", "ProfMon.Objects\ProfMon.Objects.csproj", "{07E65FD4-EDB9-4C14-BA3C-3AF1071B4D1C}"
EndProject
Global
	GlobalSection(SolutionConfigurationPlatforms) = preSolution
		Debug|Any CPU = Debug|Any CPU
		Debug|x64 = Debug|x64
		Debug|x86 = Debug|x86
		Release|Any CPU = Release|Any CPU
		Release|x64 = Release|x64
		Release|x86 = Release|x86
	EndGlobalSection
	GlobalSection(ProjectConfigurationPlatforms) = postSolution
		{9B0CAA07-60C9-4D6E-92ED-981ECA456DD7}.Debug|Any CPU.ActiveCfg = Debug|Any CPU
		{9B0CAA07-60C9-4D6E-92ED-981ECA456DD7}.Debug|Any CPU.Build.0 = Debug|Any CPU
		{9B0CAA07-60C9-4D6E-92ED-981ECA456DD7}.Debug|x64.ActiveCfg = Debug|Any CPU
		{9B0CAA07-60C9-4D6E-92ED-981ECA456DD7}.Debug|x64.Build.0 = Debug|Any CPU
		{9B0CAA07-60C9-4D6E-92ED-981ECA456DD7}.Debug|x86.ActiveCfg = Debug|Any CPU
		{9B0CAA07-60C9-4D6E-92ED-981ECA456DD7}.Debug|x86.Build.0 = Debug|Any CPU
		{9B0CAA07-60C9-4D6E-92ED-981ECA456DD7}.Release|Any CPU.ActiveCfg = Release|Any CPU
		{9B0CAA07-60C9-4D6E-92ED-981ECA456DD7}.Release|Any CPU.Build.0 = Release|Any CPU
		{9B0CAA07-60C9-4D6E-92ED-981ECA456DD7}.Release|x64.ActiveCfg = Release|Any CPU
		{9B0CAA07-60C9-4D6E-92ED-981ECA456DD7}.Release|x64.Build.0 = Release|Any CPU
		{9B0CAA07-60C9-4D6E-92ED-981ECA456DD7}.Release|x86.ActiveCfg = Release|Any CPU
		{9B0CAA07-60C9-4D6E-92ED-981ECA456DD7}.Release|x86.Build.0 = Release|Any CPU
		{07E65FD4-EDB9-4C14-BA3C-3AF1071B4D1C}.Debug|Any CPU.ActiveCfg = Debug|Any CPU
		{07E65FD4-EDB9-4C14-BA3C-3AF1071B4D1C}.Debug|Any CPU.Build.0 = Debug|Any CPU
		{07E65FD4-EDB9-4C14-BA3C-3AF1071B4D1C}.Debug|x64.ActiveCfg = Debug|Any CPU
		{07E65FD4-EDB9-4C14-BA3C-3AF1071B4D1C}.Debug|x64.Build.0 = Debug|Any CPU
		{07E65FD4-EDB9-4C14-BA3C-3AF1071B4D1C}.Debug|x86.ActiveCfg = Debug|Any CPU
		{07E65FD4-EDB9-4C14-BA3C-3AF1071B4D1C}.Debug|x86.Build.0 = Debug|Any CPU
		{07E65FD4-EDB9-4C14-BA3C-3AF1071B4D1C}.Release|Any CPU.ActiveCfg = Release|Any CPU
		{07E65FD4-EDB9-4C14-BA3C-3AF1071B4D1C}.Release|Any CPU.Build.0 = Release|Any CPU
		{07E65FD4-EDB9-4C14-BA3C-3AF1071B4D1C}.Release|x64.ActiveCfg = Release|Any CPU
		{07E65FD4-EDB9-4C14-BA3C-3AF1071B4D1C}.Release|x64.Build.0 = Release|Any CPU
		{07E65FD4-EDB9-4C14-BA3C-3AF1071B4D1C}.Release|x86.ActiveCfg = Release|Any CPU
		{07E65FD4-EDB9-4C14-BA3C-3AF1071B4D1C}.Release|x86.Build.0 = Release|Any CPU
	EndGlobalSection
	GlobalSection(SolutionProperties) = preSolution
		HideSolutionNode = FALSE
	EndGlobalSection
	GlobalSection(ExtensibilityGlobals) = postSolution
		SolutionGuid = {3D7C4623-AE74-4EEE-9B0E-C58794481EBC}
	EndGlobalSection
EndGlobal
